
Microsoft Visual Studio Solution File, Format Version 12.00
# Visual Studio Version 16
VisualStudioVersion = 16.0.30804.86
MinimumVisualStudioVersion = 10.0.40219.1
Project("{FAE04EC0-301F-11D3-BF4B-00C04F79EFBC}") = "GeometryPainting", "GeometryPainting.csproj", "{A62E8811-66C0-4CCA-A140-1DA3FC70F7FA}"
EndProject
Project("{FAE04EC0-301F-11D3-BF4B-00C04F79EFBC}") = "GeometryTasks", "..\GeometryTasks\GeometryTasks.csproj", "{AD9F45D0-6FB5-4D7B-B479-1BF43A820CA1}"
EndProject
Global
	GlobalSection(SolutionConfigurationPlatforms) = preSolution
		Debug|Any CPU = Debug|Any CPU
		Release|Any CPU = Release|Any CPU
	EndGlobalSection
	GlobalSection(ProjectConfigurationPlatforms) = postSolution
		{A62E8811-66C0-4CCA-A140-1DA3FC70F7FA}.Debug|Any CPU.ActiveCfg = Debug|Any CPU
		{A62E8811-66C0-4CCA-A140-1DA3FC70F7FA}.Debug|Any CPU.Build.0 = Debug|Any CPU
		{A62E8811-66C0-4CCA-A140-1DA3FC70F7FA}.Release|Any CPU.ActiveCfg = Release|Any CPU
		{A62E8811-66C0-4CCA-A140-1DA3FC70F7FA}.Release|Any CPU.Build.0 = Release|Any CPU
		{AD9F45D0-6FB5-4D7B-B479-1BF43A820CA1}.Debug|Any CPU.ActiveCfg = Debug|Any CPU
		{AD9F45D0-6FB5-4D7B-B479-1BF43A820CA1}.Debug|Any CPU.Build.0 = Debug|Any CPU
		{AD9F45D0-6FB5-4D7B-B479-1BF43A820CA1}.Release|Any CPU.ActiveCfg = Release|Any CPU
		{AD9F45D0-6FB5-4D7B-B479-1BF43A820CA1}.Release|Any CPU.Build.0 = Release|Any CPU
	EndGlobalSection
	GlobalSection(SolutionProperties) = preSolution
		HideSolutionNode = FALSE
	EndGlobalSection
	GlobalSection(ExtensibilityGlobals) = postSolution
		SolutionGuid = {4D360EDD-6262-4279-9C7F-FDEFDFEC8757}
	EndGlobalSection
EndGlobal
